
Microsoft Visual Studio Solution File, Format Version 12.00
# Visual Studio 15
VisualStudioVersion = 15.0.27703.2042
MinimumVisualStudioVersion = 10.0.40219.1
Project("{FAE04EC0-301F-11D3-BF4B-00C04F79EFBC}") = "Futronic.Devices.FS26", "Futronic.Devices.FS26\Futronic.Devices.FS26.csproj", "{82B7F467-2404-49BB-9664-260B2AF71C16}"
EndProject
Project("{FAE04EC0-301F-11D3-BF4B-00C04F79EFBC}") = "ReadFingerprintDemo", "ReadFingerprintDemo\ReadFingerprintDemo.csproj", "{2B49DA26-0829-4DF9-A337-2CD661AE5504}"
EndProject
Project("{FAE04EC0-301F-11D3-BF4B-00C04F79EFBC}") = "ReadMifareCardDemo", "ReadMifareCardDemo\ReadMifareCardDemo.csproj", "{E3C87363-E4E6-46EB-BD7E-9B92990CB7FF}"
EndProject
Project("{FAE04EC0-301F-11D3-BF4B-00C04F79EFBC}") = "CombinedDemo", "CombinedDemo\CombinedDemo.csproj", "{81C3B833-0B09-41DF-8BEA-C135B6D144C9}"
EndProject
Project("{FAE04EC0-301F-11D3-BF4B-00C04F79EFBC}") = "UserManagerDemo", "UserManagerDemo\UserManagerDemo.csproj", "{F9DDC6FD-317D-461E-9533-FC4848AE81BF}"
EndProject
Global
	GlobalSection(SolutionConfigurationPlatforms) = preSolution
		Debug|Any CPU = Debug|Any CPU
		Release|Any CPU = Release|Any CPU
	EndGlobalSection
	GlobalSection(ProjectConfigurationPlatforms) = postSolution
		{82B7F467-2404-49BB-9664-260B2AF71C16}.Debug|Any CPU.ActiveCfg = Debug|Any CPU
		{82B7F467-2404-49BB-9664-260B2AF71C16}.Debug|Any CPU.Build.0 = Debug|Any CPU
		{82B7F467-2404-49BB-9664-260B2AF71C16}.Release|Any CPU.ActiveCfg = Release|Any CPU
		{82B7F467-2404-49BB-9664-260B2AF71C16}.Release|Any CPU.Build.0 = Release|Any CPU
		{2B49DA26-0829-4DF9-A337-2CD661AE5504}.Debug|Any CPU.ActiveCfg = Debug|Any CPU
		{2B49DA26-0829-4DF9-A337-2CD661AE5504}.Debug|Any CPU.Build.0 = Debug|Any CPU
		{2B49DA26-0829-4DF9-A337-2CD661AE5504}.Release|Any CPU.ActiveCfg = Release|Any CPU
		{2B49DA26-0829-4DF9-A337-2CD661AE5504}.Release|Any CPU.Build.0 = Release|Any CPU
		{E3C87363-E4E6-46EB-BD7E-9B92990CB7FF}.Debug|Any CPU.ActiveCfg = Debug|Any CPU
		{E3C87363-E4E6-46EB-BD7E-9B92990CB7FF}.Debug|Any CPU.Build.0 = Debug|Any CPU
		{E3C87363-E4E6-46EB-BD7E-9B92990CB7FF}.Release|Any CPU.ActiveCfg = Release|Any CPU
		{E3C87363-E4E6-46EB-BD7E-9B92990CB7FF}.Release|Any CPU.Build.0 = Release|Any CPU
		{81C3B833-0B09-41DF-8BEA-C135B6D144C9}.Debug|Any CPU.ActiveCfg = Debug|Any CPU
		{81C3B833-0B09-41DF-8BEA-C135B6D144C9}.Debug|Any CPU.Build.0 = Debug|Any CPU
		{81C3B833-0B09-41DF-8BEA-C135B6D144C9}.Release|Any CPU.ActiveCfg = Release|Any CPU
		{81C3B833-0B09-41DF-8BEA-C135B6D144C9}.Release|Any CPU.Build.0 = Release|Any CPU
		{F9DDC6FD-317D-461E-9533-FC4848AE81BF}.Debug|Any CPU.ActiveCfg = Debug|Any CPU
		{F9DDC6FD-317D-461E-9533-FC4848AE81BF}.Debug|Any CPU.Build.0 = Debug|Any CPU
		{F9DDC6FD-317D-461E-9533-FC4848AE81BF}.Release|Any CPU.ActiveCfg = Release|Any CPU
		{F9DDC6FD-317D-461E-9533-FC4848AE81BF}.Release|Any CPU.Build.0 = Release|Any CPU
	EndGlobalSection
	GlobalSection(SolutionProperties) = preSolution
		HideSolutionNode = FALSE
	EndGlobalSection
	GlobalSection(ExtensibilityGlobals) = postSolution
		SolutionGuid = {70BC8935-3050-4868-B819-410F25312E64}
	EndGlobalSection
EndGlobal
